
Microsoft Visual Studio Solution File, Format Version 12.00
# Visual Studio 14
VisualStudioVersion = 14.0.25420.1
MinimumVisualStudioVersion = 10.0.40219.1
Project("{FAE04EC0-301F-11D3-BF4B-00C04F79EFBC}") = "FaceAggregator", "FaceAggregator\FaceAggregator.csproj", "{78236A36-D0DD-479E-80D4-337D692C70C2}"
EndProject
Project("{FAE04EC0-301F-11D3-BF4B-00C04F79EFBC}") = "FaceAggregator.Tests", "FaceAggregator.Tests\FaceAggregator.Tests.csproj", "{A67FF4A4-860C-4D48-98F4-774E60996856}"
EndProject
Global
	GlobalSection(SolutionConfigurationPlatforms) = preSolution
		Debug|Any CPU = Debug|Any CPU
		Release|Any CPU = Release|Any CPU
	EndGlobalSection
	GlobalSection(ProjectConfigurationPlatforms) = postSolution
		{78236A36-D0DD-479E-80D4-337D692C70C2}.Debug|Any CPU.ActiveCfg = Debug|Any CPU
		{78236A36-D0DD-479E-80D4-337D692C70C2}.Debug|Any CPU.Build.0 = Debug|Any CPU
		{78236A36-D0DD-479E-80D4-337D692C70C2}.Release|Any CPU.ActiveCfg = Release|Any CPU
		{78236A36-D0DD-479E-80D4-337D692C70C2}.Release|Any CPU.Build.0 = Release|Any CPU
		{A67FF4A4-860C-4D48-98F4-774E60996856}.Debug|Any CPU.ActiveCfg = Debug|Any CPU
		{A67FF4A4-860C-4D48-98F4-774E60996856}.Debug|Any CPU.Build.0 = Debug|Any CPU
		{A67FF4A4-860C-4D48-98F4-774E60996856}.Release|Any CPU.ActiveCfg = Release|Any CPU
		{A67FF4A4-860C-4D48-98F4-774E60996856}.Release|Any CPU.Build.0 = Release|Any CPU
	EndGlobalSection
	GlobalSection(SolutionProperties) = preSolution
		HideSolutionNode = FALSE
	EndGlobalSection
EndGlobal
